
Microsoft Visual Studio Solution File, Format Version 12.00
# Visual Studio Version 17
VisualStudioVersion = 17.10.34916.146
MinimumVisualStudioVersion = 10.0.40219.1
Project("{FAE04EC0-301F-11D3-BF4B-00C04F79EFBC}") = "HahnTestSol.Server", "HahnTestSol.Server\HahnTestSol.Server.csproj", "{56EA2A24-C0EB-42F3-BAB1-052B332B6BBA}"
EndProject
Project("{54A90642-561A-4BB1-A94E-469ADEE60C69}") = "hahntestsol.client", "hahntestsol.client\hahntestsol.client.esproj", "{D4E30F90-B253-41FC-AEFB-C52EAC5464EE}"
EndProject
Global
	GlobalSection(SolutionConfigurationPlatforms) = preSolution
		Debug|Any CPU = Debug|Any CPU
		Release|Any CPU = Release|Any CPU
	EndGlobalSection
	GlobalSection(ProjectConfigurationPlatforms) = postSolution
		{56EA2A24-C0EB-42F3-BAB1-052B332B6BBA}.Debug|Any CPU.ActiveCfg = Debug|Any CPU
		{56EA2A24-C0EB-42F3-BAB1-052B332B6BBA}.Debug|Any CPU.Build.0 = Debug|Any CPU
		{56EA2A24-C0EB-42F3-BAB1-052B332B6BBA}.Release|Any CPU.ActiveCfg = Release|Any CPU
		{56EA2A24-C0EB-42F3-BAB1-052B332B6BBA}.Release|Any CPU.Build.0 = Release|Any CPU
		{D4E30F90-B253-41FC-AEFB-C52EAC5464EE}.Debug|Any CPU.ActiveCfg = Debug|Any CPU
		{D4E30F90-B253-41FC-AEFB-C52EAC5464EE}.Debug|Any CPU.Build.0 = Debug|Any CPU
		{D4E30F90-B253-41FC-AEFB-C52EAC5464EE}.Debug|Any CPU.Deploy.0 = Debug|Any CPU
		{D4E30F90-B253-41FC-AEFB-C52EAC5464EE}.Release|Any CPU.ActiveCfg = Release|Any CPU
		{D4E30F90-B253-41FC-AEFB-C52EAC5464EE}.Release|Any CPU.Build.0 = Release|Any CPU
		{D4E30F90-B253-41FC-AEFB-C52EAC5464EE}.Release|Any CPU.Deploy.0 = Release|Any CPU
	EndGlobalSection
	GlobalSection(SolutionProperties) = preSolution
		HideSolutionNode = FALSE
	EndGlobalSection
	GlobalSection(ExtensibilityGlobals) = postSolution
		SolutionGuid = {5EFA3E52-A71B-4436-989A-9A53074850F3}
	EndGlobalSection
EndGlobal
